// !$*UTF8*$!
{
	archiveVersion = 1;
	classes = {
	};
	objectVersion = 55;
	objects = {

/* Begin PBXBuildFile section */
		029A8C28295274F30038252C /* Tests_iOS.swift in Sources */ = {isa = PBXBuildFile; fileRef = 029A8C27295274F30038252C /* Tests_iOS.swift */; };
		029A8C2A295274F30038252C /* Tests_iOSLaunchTests.swift in Sources */ = {isa = PBXBuildFile; fileRef = 029A8C29295274F30038252C /* Tests_iOSLaunchTests.swift */; };
		029A8C34295274F30038252C /* Tests_macOS.swift in Sources */ = {isa = PBXBuildFile; fileRef = 029A8C33295274F30038252C /* Tests_macOS.swift */; };
		029A8C36295274F30038252C /* Tests_macOSLaunchTests.swift in Sources */ = {isa = PBXBuildFile; fileRef = 029A8C35295274F30038252C /* Tests_macOSLaunchTests.swift */; };
		029A8C37295274F30038252C /* Max_TrackerApp.swift in Sources */ = {isa = PBXBuildFile; fileRef = 029A8C0F295274F00038252C /* Max_TrackerApp.swift */; };
		029A8C38295274F30038252C /* Max_TrackerApp.swift in Sources */ = {isa = PBXBuildFile; fileRef = 029A8C0F295274F00038252C /* Max_TrackerApp.swift */; };
		029A8C39295274F30038252C /* ContentView.swift in Sources */ = {isa = PBXBuildFile; fileRef = 029A8C10295274F00038252C /* ContentView.swift */; };
		029A8C3A295274F30038252C /* ContentView.swift in Sources */ = {isa = PBXBuildFile; fileRef = 029A8C10295274F00038252C /* ContentView.swift */; };
		029A8C3B295274F30038252C /* Assets.xcassets in Resources */ = {isa = PBXBuildFile; fileRef = 029A8C11295274F30038252C /* Assets.xcassets */; };
		029A8C3C295274F30038252C /* Assets.xcassets in Resources */ = {isa = PBXBuildFile; fileRef = 029A8C11295274F30038252C /* Assets.xcassets */; };
/* End PBXBuildFile section */

/* Begin PBXContainerItemProxy section */
		029A8C24295274F30038252C /* PBXContainerItemProxy */ = {
			isa = PBXContainerItemProxy;
			containerPortal = 029A8C0A295274EF0038252C /* Project object */;
			proxyType = 1;
			remoteGlobalIDString = 029A8C15295274F30038252C;
			remoteInfo = "Max Tracker (iOS)";
		};
		029A8C30295274F30038252C /* PBXContainerItemProxy */ = {
			isa = PBXContainerItemProxy;
			containerPortal = 029A8C0A295274EF0038252C /* Project object */;
			proxyType = 1;
			remoteGlobalIDString = 029A8C1B295274F30038252C;
			remoteInfo = "Max Tracker (macOS)";
		};
/* End PBXContainerItemProxy section */

/* Begin PBXFileReference section */
		029A8C0F295274F00038252C /* Max_TrackerApp.swift */ = {isa = PBXFileReference; lastKnownFileType = sourcecode.swift; path = Max_TrackerApp.swift; sourceTree = "<group>"; };
		029A8C10295274F00038252C /* ContentView.swift */ = {isa = PBXFileReference; lastKnownFileType = sourcecode.swift; path = ContentView.swift; sourceTree = "<group>"; };
		029A8C11295274F30038252C /* Assets.xcassets */ = {isa = PBXFileReference; lastKnownFileType = folder.assetcatalog; path = Assets.xcassets; sourceTree = "<group>"; };
		029A8C16295274F30038252C /* Max Tracker.app */ = {isa = PBXFileReference; explicitFileType = wrapper.application; includeInIndex = 0; path = "Max Tracker.app"; sourceTree = BUILT_PRODUCTS_DIR; };
		029A8C1C295274F30038252C /* Max Tracker.app */ = {isa = PBXFileReference; explicitFileType = wrapper.application; includeInIndex = 0; path = "Max Tracker.app"; sourceTree = BUILT_PRODUCTS_DIR; };
		029A8C1E295274F30038252C /* macOS.entitlements */ = {isa = PBXFileReference; lastKnownFileType = text.plist.entitlements; path = macOS.entitlements; sourceTree = "<group>"; };
		029A8C23295274F30038252C /* Tests iOS.xctest */ = {isa = PBXFileReference; explicitFileType = wrapper.cfbundle; includeInIndex = 0; path = "Tests iOS.xctest"; sourceTree = BUILT_PRODUCTS_DIR; };
		029A8C27295274F30038252C /* Tests_iOS.swift */ = {isa = PBXFileReference; lastKnownFileType = sourcecode.swift; path = Tests_iOS.swift; sourceTree = "<group>"; };
		029A8C29295274F30038252C /* Tests_iOSLaunchTests.swift */ = {isa = PBXFileReference; lastKnownFileType = sourcecode.swift; path = Tests_iOSLaunchTests.swift; sourceTree = "<group>"; };
		029A8C2F295274F30038252C /* Tests macOS.xctest */ = {isa = PBXFileReference; explicitFileType = wrapper.cfbundle; includeInIndex = 0; path = "Tests macOS.xctest"; sourceTree = BUILT_PRODUCTS_DIR; };
		029A8C33295274F30038252C /* Tests_macOS.swift */ = {isa = PBXFileReference; lastKnownFileType = sourcecode.swift; path = Tests_macOS.swift; sourceTree = "<group>"; };
		029A8C35295274F30038252C /* Tests_macOSLaunchTests.swift */ = {isa = PBXFileReference; lastKnownFileType = sourcecode.swift; path = Tests_macOSLaunchTests.swift; sourceTree = "<group>"; };
/* End PBXFileReference section */

/* Begin PBXFrameworksBuildPhase section */
		029A8C13295274F30038252C /* Frameworks */ = {
			isa = PBXFrameworksBuildPhase;
			buildActionMask = 2147483647;
			files = (
			);
			runOnlyForDeploymentPostprocessing = 0;
		};
		029A8C19295274F30038252C /* Frameworks */ = {
			isa = PBXFrameworksBuildPhase;
			buildActionMask = 2147483647;
			files = (
			);
			runOnlyForDeploymentPostprocessing = 0;
		};
		029A8C20295274F30038252C /* Frameworks */ = {
			isa = PBXFrameworksBuildPhase;
			buildActionMask = 2147483647;
			files = (
			);
			runOnlyForDeploymentPostprocessing = 0;
		};
		029A8C2C295274F30038252C /* Frameworks */ = {
			isa = PBXFrameworksBuildPhase;
			buildActionMask = 2147483647;
			files = (
			);
			runOnlyForDeploymentPostprocessing = 0;
		};
/* End PBXFrameworksBuildPhase section */

/* Begin PBXGroup section */
		029A8C09295274EF0038252C = {
			isa = PBXGroup;
			children = (
				029A8C0E295274F00038252C /* Shared */,
				029A8C1D295274F30038252C /* macOS */,
				029A8C26295274F30038252C /* Tests iOS */,
				029A8C32295274F30038252C /* Tests macOS */,
				029A8C17295274F30038252C /* Products */,
			);
			sourceTree = "<group>";
		};
		029A8C0E295274F00038252C /* Shared */ = {
			isa = PBXGroup;
			children = (
				029A8C0F295274F00038252C /* Max_TrackerApp.swift */,
				029A8C10295274F00038252C /* ContentView.swift */,
				029A8C11295274F30038252C /* Assets.xcassets */,
			);
			path = Shared;
			sourceTree = "<group>";
		};
		029A8C17295274F30038252C /* Products */ = {
			isa = PBXGroup;
			children = (
				029A8C16295274F30038252C /* Max Tracker.app */,
				029A8C1C295274F30038252C /* Max Tracker.app */,
				029A8C23295274F30038252C /* Tests iOS.xctest */,
				029A8C2F295274F30038252C /* Tests macOS.xctest */,
			);
			name = Products;
			sourceTree = "<group>";
		};
		029A8C1D295274F30038252C /* macOS */ = {
			isa = PBXGroup;
			children = (
				029A8C1E295274F30038252C /* macOS.entitlements */,
			);
			path = macOS;
			sourceTree = "<group>";
		};
		029A8C26295274F30038252C /* Tests iOS */ = {
			isa = PBXGroup;
			children = (
				029A8C27295274F30038252C /* Tests_iOS.swift */,
				029A8C29295274F30038252C /* Tests_iOSLaunchTests.swift */,
			);
			path = "Tests iOS";
			sourceTree = "<group>";
		};
		029A8C32295274F30038252C /* Tests macOS */ = {
			isa = PBXGroup;
			children = (
				029A8C33295274F30038252C /* Tests_macOS.swift */,
				029A8C35295274F30038252C /* Tests_macOSLaunchTests.swift */,
			);
			path = "Tests macOS";
			sourceTree = "<group>";
		};
/* End PBXGroup section */

/* Begin PBXNativeTarget section */
		029A8C15295274F30038252C /* Max Tracker (iOS) */ = {
			isa = PBXNativeTarget;
			buildConfigurationList = 029A8C3F295274F30038252C /* Build configuration list for PBXNativeTarget "Max Tracker (iOS)" */;
			buildPhases = (
				029A8C12295274F30038252C /* Sources */,
				029A8C13295274F30038252C /* Frameworks */,
				029A8C14295274F30038252C /* Resources */,
			);
			buildRules = (
			);
			dependencies = (
			);
			name = "Max Tracker (iOS)";
			productName = "Max Tracker (iOS)";
			productReference = 029A8C16295274F30038252C /* Max Tracker.app */;
			productType = "com.apple.product-type.application";
		};
		029A8C1B295274F30038252C /* Max Tracker (macOS) */ = {
			isa = PBXNativeTarget;
			buildConfigurationList = 029A8C42295274F30038252C /* Build configuration list for PBXNativeTarget "Max Tracker (macOS)" */;
			buildPhases = (
				029A8C18295274F30038252C /* Sources */,
				029A8C19295274F30038252C /* Frameworks */,
				029A8C1A295274F30038252C /* Resources */,
			);
			buildRules = (
			);
			dependencies = (
			);
			name = "Max Tracker (macOS)";
			productName = "Max Tracker (macOS)";
			productReference = 029A8C1C295274F30038252C /* Max Tracker.app */;
			productType = "com.apple.product-type.application";
		};
		029A8C22295274F30038252C /* Tests iOS */ = {
			isa = PBXNativeTarget;
			buildConfigurationList = 029A8C45295274F30038252C /* Build configuration list for PBXNativeTarget "Tests iOS" */;
			buildPhases = (
				029A8C1F295274F30038252C /* Sources */,
				029A8C20295274F30038252C /* Frameworks */,
				029A8C21295274F30038252C /* Resources */,
			);
			buildRules = (
			);
			dependencies = (
				029A8C25295274F30038252C /* PBXTargetDependency */,
			);
			name = "Tests iOS";
			productName = "Tests iOS";
			productReference = 029A8C23295274F30038252C /* Tests iOS.xctest */;
			productType = "com.apple.product-type.bundle.ui-testing";
		};
		029A8C2E295274F30038252C /* Tests macOS */ = {
			isa = PBXNativeTarget;
			buildConfigurationList = 029A8C48295274F30038252C /* Build configuration list for PBXNativeTarget "Tests macOS" */;
			buildPhases = (
				029A8C2B295274F30038252C /* Sources */,
				029A8C2C295274F30038252C /* Frameworks */,
				029A8C2D295274F30038252C /* Resources */,
			);
			buildRules = (
			);
			dependencies = (
				029A8C31295274F30038252C /* PBXTargetDependency */,
			);
			name = "Tests macOS";
			productName = "Tests macOS";
			productReference = 029A8C2F295274F30038252C /* Tests macOS.xctest */;
			productType = "com.apple.product-type.bundle.ui-testing";
		};
/* End PBXNativeTarget section */

/* Begin PBXProject section */
		029A8C0A295274EF0038252C /* Project object */ = {
			isa = PBXProject;
			attributes = {
				BuildIndependentTargetsInParallel = 1;
				LastSwiftUpdateCheck = 1330;
				LastUpgradeCheck = 1330;
				TargetAttributes = {
					029A8C15295274F30038252C = {
						CreatedOnToolsVersion = 13.3.1;
					};
					029A8C1B295274F30038252C = {
						CreatedOnToolsVersion = 13.3.1;
					};
					029A8C22295274F30038252C = {
						CreatedOnToolsVersion = 13.3.1;
						TestTargetID = 029A8C15295274F30038252C;
					};
					029A8C2E295274F30038252C = {
						CreatedOnToolsVersion = 13.3.1;
						TestTargetID = 029A8C1B295274F30038252C;
					};
				};
			};
			buildConfigurationList = 029A8C0D295274EF0038252C /* Build configuration list for PBXProject "Max Tracker" */;
			compatibilityVersion = "Xcode 13.0";
			developmentRegion = en;
			hasScannedForEncodings = 0;
			knownRegions = (
				en,
				Base,
			);
			mainGroup = 029A8C09295274EF0038252C;
			productRefGroup = 029A8C17295274F30038252C /* Products */;
			projectDirPath = "";
			projectRoot = "";
			targets = (
				029A8C15295274F30038252C /* Max Tracker (iOS) */,
				029A8C1B295274F30038252C /* Max Tracker (macOS) */,
				029A8C22295274F30038252C /* Tests iOS */,
				029A8C2E295274F30038252C /* Tests macOS */,
			);
		};
/* End PBXProject section */

/* Begin PBXResourcesBuildPhase section */
		029A8C14295274F30038252C /* Resources */ = {
			isa = PBXResourcesBuildPhase;
			buildActionMask = 2147483647;
			files = (
				029A8C3B295274F30038252C /* Assets.xcassets in Resources */,
			);
			runOnlyForDeploymentPostprocessing = 0;
		};
		029A8C1A295274F30038252C /* Resources */ = {
			isa = PBXResourcesBuildPhase;
			buildActionMask = 2147483647;
			files = (
				029A8C3C295274F30038252C /* Assets.xcassets in Resources */,
			);
			runOnlyForDeploymentPostprocessing = 0;
		};
		029A8C21295274F30038252C /* Resources */ = {
			isa = PBXResourcesBuildPhase;
			buildActionMask = 2147483647;
			files = (
			);
			runOnlyForDeploymentPostprocessing = 0;
		};
		029A8C2D295274F30038252C /* Resources */ = {
			isa = PBXResourcesBuildPhase;
			buildActionMask = 2147483647;
			files = (
			);
			runOnlyForDeploymentPostprocessing = 0;
		};
/* End PBXResourcesBuildPhase section */

/* Begin PBXSourcesBuildPhase section */
		029A8C12295274F30038252C /* Sources */ = {
			isa = PBXSourcesBuildPhase;
			buildActionMask = 2147483647;
			files = (
				029A8C39295274F30038252C /* ContentView.swift in Sources */,
				029A8C37295274F30038252C /* Max_TrackerApp.swift in Sources */,
			);
			runOnlyForDeploymentPostprocessing = 0;
		};
		029A8C18295274F30038252C /* Sources */ = {
			isa = PBXSourcesBuildPhase;
			buildActionMask = 2147483647;
			files = (
				029A8C3A295274F30038252C /* ContentView.swift in Sources */,
				029A8C38295274F30038252C /* Max_TrackerApp.swift in Sources */,
			);
			runOnlyForDeploymentPostprocessing = 0;
		};
		029A8C1F295274F30038252C /* Sources */ = {
			isa = PBXSourcesBuildPhase;
			buildActionMask = 2147483647;
			files = (
				029A8C2A295274F30038252C /* Tests_iOSLaunchTests.swift in Sources */,
				029A8C28295274F30038252C /* Tests_iOS.swift in Sources */,
			);
			runOnlyForDeploymentPostprocessing = 0;
		};
		029A8C2B295274F30038252C /* Sources */ = {
			isa = PBXSourcesBuildPhase;
			buildActionMask = 2147483647;
			files = (
				029A8C36295274F30038252C /* Tests_macOSLaunchTests.swift in Sources */,
				029A8C34295274F30038252C /* Tests_macOS.swift in Sources */,
			);
			runOnlyForDeploymentPostprocessing = 0;
		};
/* End PBXSourcesBuildPhase section */

/* Begin PBXTargetDependency section */
		029A8C25295274F30038252C /* PBXTargetDependency */ = {
			isa = PBXTargetDependency;
			target = 029A8C15295274F30038252C /* Max Tracker (iOS) */;
			targetProxy = 029A8C24295274F30038252C /* PBXContainerItemProxy */;
		};
		029A8C31295274F30038252C /* PBXTargetDependency */ = {
			isa = PBXTargetDependency;
			target = 029A8C1B295274F30038252C /* Max Tracker (macOS) */;
			targetProxy = 029A8C30295274F30038252C /* PBXContainerItemProxy */;
		};
/* End PBXTargetDependency section */

/* Begin XCBuildConfiguration section */
		029A8C3D295274F30038252C /* Debug */ = {
			isa = XCBuildConfiguration;
			buildSettings = {
				ALWAYS_SEARCH_USER_PATHS = NO;
				CLANG_ANALYZER_NONNULL = YES;
				CLANG_ANALYZER_NUMBER_OBJECT_CONVERSION = YES_AGGRESSIVE;
				CLANG_CXX_LANGUAGE_STANDARD = "gnu++17";
				CLANG_ENABLE_MODULES = YES;
				CLANG_ENABLE_OBJC_ARC = YES;
				CLANG_ENABLE_OBJC_WEAK = YES;
				CLANG_WARN_BLOCK_CAPTURE_AUTORELEASING = YES;
				CLANG_WARN_BOOL_CONVERSION = YES;
				CLANG_WARN_COMMA = YES;
				CLANG_WARN_CONSTANT_CONVERSION = YES;
				CLANG_WARN_DEPRECATED_OBJC_IMPLEMENTATIONS = YES;
				CLANG_WARN_DIRECT_OBJC_ISA_USAGE = YES_ERROR;
				CLANG_WARN_DOCUMENTATION_COMMENTS = YES;
				CLANG_WARN_EMPTY_BODY = YES;
				CLANG_WARN_ENUM_CONVERSION = YES;
				CLANG_WARN_INFINITE_RECURSION = YES;
				CLANG_WARN_INT_CONVERSION = YES;
				CLANG_WARN_NON_LITERAL_NULL_CONVERSION = YES;
				CLANG_WARN_OBJC_IMPLICIT_RETAIN_SELF = YES;
				CLANG_WARN_OBJC_LITERAL_CONVERSION = YES;
				CLANG_WARN_OBJC_ROOT_CLASS = YES_ERROR;
				CLANG_WARN_QUOTED_INCLUDE_IN_FRAMEWORK_HEADER = YES;
				CLANG_WARN_RANGE_LOOP_ANALYSIS = YES;
				CLANG_WARN_STRICT_PROTOTYPES = YES;
				CLANG_WARN_SUSPICIOUS_MOVE = YES;
				CLANG_WARN_UNGUARDED_AVAILABILITY = YES_AGGRESSIVE;
				CLANG_WARN_UNREACHABLE_CODE = YES;
				CLANG_WARN__DUPLICATE_METHOD_MATCH = YES;
				COPY_PHASE_STRIP = NO;
				DEBUG_INFORMATION_FORMAT = dwarf;
				ENABLE_STRICT_OBJC_MSGSEND = YES;
				ENABLE_TESTABILITY = YES;
				GCC_C_LANGUAGE_STANDARD = gnu11;
				GCC_DYNAMIC_NO_PIC = NO;
				GCC_NO_COMMON_BLOCKS = YES;
				GCC_OPTIMIZATION_LEVEL = 0;
				GCC_PREPROCESSOR_DEFINITIONS = (
					"DEBUG=1",
					"$(inherited)",
				);
				GCC_WARN_64_TO_32_BIT_CONVERSION = YES;
				GCC_WARN_ABOUT_RETURN_TYPE = YES_ERROR;
				GCC_WARN_UNDECLARED_SELECTOR = YES;
				GCC_WARN_UNINITIALIZED_AUTOS = YES_AGGRESSIVE;
				GCC_WARN_UNUSED_FUNCTION = YES;
				GCC_WARN_UNUSED_VARIABLE = YES;
				MTL_ENABLE_DEBUG_INFO = INCLUDE_SOURCE;
				MTL_FAST_MATH = YES;
				ONLY_ACTIVE_ARCH = YES;
				SWIFT_ACTIVE_COMPILATION_CONDITIONS = DEBUG;
				SWIFT_OPTIMIZATION_LEVEL = "-Onone";
			};
			name = Debug;
		};
		029A8C3E295274F30038252C /* Release */ = {
			isa = XCBuildConfiguration;
			buildSettings = {
				ALWAYS_SEARCH_USER_PATHS = NO;
				CLANG_ANALYZER_NONNULL = YES;
				CLANG_ANALYZER_NUMBER_OBJECT_CONVERSION = YES_AGGRESSIVE;
				CLANG_CXX_LANGUAGE_STANDARD = "gnu++17";
				CLANG_ENABLE_MODULES = YES;
				CLANG_ENABLE_OBJC_ARC = YES;
				CLANG_ENABLE_OBJC_WEAK = YES;
				CLANG_WARN_BLOCK_CAPTURE_AUTORELEASING = YES;
				CLANG_WARN_BOOL_CONVERSION = YES;
				CLANG_WARN_COMMA = YES;
				CLANG_WARN_CONSTANT_CONVERSION = YES;
				CLANG_WARN_DEPRECATED_OBJC_IMPLEMENTATIONS = YES;
				CLANG_WARN_DIRECT_OBJC_ISA_USAGE = YES_ERROR;
				CLANG_WARN_DOCUMENTATION_COMMENTS = YES;
				CLANG_WARN_EMPTY_BODY = YES;
				CLANG_WARN_ENUM_CONVERSION = YES;
				CLANG_WARN_INFINITE_RECURSION = YES;
				CLANG_WARN_INT_CONVERSION = YES;
				CLANG_WARN_NON_LITERAL_NULL_CONVERSION = YES;
				CLANG_WARN_OBJC_IMPLICIT_RETAIN_SELF = YES;
				CLANG_WARN_OBJC_LITERAL_CONVERSION = YES;
				CLANG_WARN_OBJC_ROOT_CLASS = YES_ERROR;
				CLANG_WARN_QUOTED_INCLUDE_IN_FRAMEWORK_HEADER = YES;
				CLANG_WARN_RANGE_LOOP_ANALYSIS = YES;
				CLANG_WARN_STRICT_PROTOTYPES = YES;
				CLANG_WARN_SUSPICIOUS_MOVE = YES;
				CLANG_WARN_UNGUARDED_AVAILABILITY = YES_AGGRESSIVE;
				CLANG_WARN_UNREACHABLE_CODE = YES;
				CLANG_WARN__DUPLICATE_METHOD_MATCH = YES;
				COPY_PHASE_STRIP = NO;
				DEBUG_INFORMATION_FORMAT = "dwarf-with-dsym";
				ENABLE_NS_ASSERTIONS = NO;
				ENABLE_STRICT_OBJC_MSGSEND = YES;
				GCC_C_LANGUAGE_STANDARD = gnu11;
				GCC_NO_COMMON_BLOCKS = YES;
				GCC_WARN_64_TO_32_BIT_CONVERSION = YES;
				GCC_WARN_ABOUT_RETURN_TYPE = YES_ERROR;
				GCC_WARN_UNDECLARED_SELECTOR = YES;
				GCC_WARN_UNINITIALIZED_AUTOS = YES_AGGRESSIVE;
				GCC_WARN_UNUSED_FUNCTION = YES;
				GCC_WARN_UNUSED_VARIABLE = YES;
				MTL_ENABLE_DEBUG_INFO = NO;
				MTL_FAST_MATH = YES;
				SWIFT_COMPILATION_MODE = wholemodule;
				SWIFT_OPTIMIZATION_LEVEL = "-O";
			};
			name = Release;
		};
		029A8C40295274F30038252C /* Debug */ = {
			isa = XCBuildConfiguration;
			buildSettings = {
				ASSETCATALOG_COMPILER_APPICON_NAME = AppIcon;
				ASSETCATALOG_COMPILER_GLOBAL_ACCENT_COLOR_NAME = AccentColor;
				CODE_SIGN_STYLE = Automatic;
				CURRENT_PROJECT_VERSION = 1;
				DEVELOPMENT_TEAM = 9Y84SMVQ2F;
				ENABLE_PREVIEWS = YES;
				GENERATE_INFOPLIST_FILE = YES;
				INFOPLIST_KEY_UIApplicationSceneManifest_Generation = YES;
				INFOPLIST_KEY_UIApplicationSupportsIndirectInputEvents = YES;
				INFOPLIST_KEY_UILaunchScreen_Generation = YES;
				INFOPLIST_KEY_UISupportedInterfaceOrientations_iPad = "UIInterfaceOrientationPortrait UIInterfaceOrientationPortraitUpsideDown UIInterfaceOrientationLandscapeLeft UIInterfaceOrientationLandscapeRight";
				INFOPLIST_KEY_UISupportedInterfaceOrientations_iPhone = "UIInterfaceOrientationPortrait UIInterfaceOrientationLandscapeLeft UIInterfaceOrientationLandscapeRight";
				IPHONEOS_DEPLOYMENT_TARGET = 15.4;
				LD_RUNPATH_SEARCH_PATHS = (
					"$(inherited)",
					"@executable_path/Frameworks",
				);
				MARKETING_VERSION = 1.0;
				PRODUCT_BUNDLE_IDENTIFIER = "elguezabal.Max-Tracker";
				PRODUCT_NAME = "Max Tracker";
				SDKROOT = iphoneos;
				SWIFT_EMIT_LOC_STRINGS = YES;
				SWIFT_VERSION = 5.0;
				TARGETED_DEVICE_FAMILY = "1,2";
			};
			name = Debug;
		};
		029A8C41295274F30038252C /* Release */ = {
			isa = XCBuildConfiguration;
			buildSettings = {
				ASSETCATALOG_COMPILER_APPICON_NAME = AppIcon;
				ASSETCATALOG_COMPILER_GLOBAL_ACCENT_COLOR_NAME = AccentColor;
				CODE_SIGN_STYLE = Automatic;
				CURRENT_PROJECT_VERSION = 1;
				DEVELOPMENT_TEAM = 9Y84SMVQ2F;
				ENABLE_PREVIEWS = YES;
				GENERATE_INFOPLIST_FILE = YES;
				INFOPLIST_KEY_UIApplicationSceneManifest_Generation = YES;
				INFOPLIST_KEY_UIApplicationSupportsIndirectInputEvents = YES;
				INFOPLIST_KEY_UILaunchScreen_Generation = YES;
				INFOPLIST_KEY_UISupportedInterfaceOrientations_iPad = "UIInterfaceOrientationPortrait UIInterfaceOrientationPortraitUpsideDown UIInterfaceOrientationLandscapeLeft UIInterfaceOrientationLandscapeRight";
				INFOPLIST_KEY_UISupportedInterfaceOrientations_iPhone = "UIInterfaceOrientationPortrait UIInterfaceOrientationLandscapeLeft UIInterfaceOrientationLandscapeRight";
				IPHONEOS_DEPLOYMENT_TARGET = 15.4;
				LD_RUNPATH_SEARCH_PATHS = (
					"$(inherited)",
					"@executable_path/Frameworks",
				);
				MARKETING_VERSION = 1.0;
				PRODUCT_BUNDLE_IDENTIFIER = "elguezabal.Max-Tracker";
				PRODUCT_NAME = "Max Tracker";
				SDKROOT = iphoneos;
				SWIFT_EMIT_LOC_STRINGS = YES;
				SWIFT_VERSION = 5.0;
				TARGETED_DEVICE_FAMILY = "1,2";
				VALIDATE_PRODUCT = YES;
			};
			name = Release;
		};
		029A8C43295274F30038252C /* Debug */ = {
			isa = XCBuildConfiguration;
			buildSettings = {
				ASSETCATALOG_COMPILER_APPICON_NAME = AppIcon;
				ASSETCATALOG_COMPILER_GLOBAL_ACCENT_COLOR_NAME = AccentColor;
				CODE_SIGN_ENTITLEMENTS = macOS/macOS.entitlements;
				CODE_SIGN_STYLE = Automatic;
				COMBINE_HIDPI_IMAGES = YES;
				CURRENT_PROJECT_VERSION = 1;
				DEVELOPMENT_TEAM = 9Y84SMVQ2F;
				ENABLE_HARDENED_RUNTIME = YES;
				ENABLE_PREVIEWS = YES;
				GENERATE_INFOPLIST_FILE = YES;
				INFOPLIST_KEY_NSHumanReadableCopyright = "";
				LD_RUNPATH_SEARCH_PATHS = (
					"$(inherited)",
					"@executable_path/../Frameworks",
				);
				MACOSX_DEPLOYMENT_TARGET = 12.3;
				MARKETING_VERSION = 1.0;
				PRODUCT_BUNDLE_IDENTIFIER = "elguezabal.Max-Tracker";
				PRODUCT_NAME = "Max Tracker";
				SDKROOT = macosx;
				SWIFT_EMIT_LOC_STRINGS = YES;
				SWIFT_VERSION = 5.0;
			};
			name = Debug;
		};
		029A8C44295274F30038252C /* Release */ = {
			isa = XCBuildConfiguration;
			buildSettings = {
				ASSETCATALOG_COMPILER_APPICON_NAME = AppIcon;
				ASSETCATALOG_COMPILER_GLOBAL_ACCENT_COLOR_NAME = AccentColor;
				CODE_SIGN_ENTITLEMENTS = macOS/macOS.entitlements;
				CODE_SIGN_STYLE = Automatic;
				COMBINE_HIDPI_IMAGES = YES;
				CURRENT_PROJECT_VERSION = 1;
				DEVELOPMENT_TEAM = 9Y84SMVQ2F;
				ENABLE_HARDENED_RUNTIME = YES;
				ENABLE_PREVIEWS = YES;
				GENERATE_INFOPLIST_FILE = YES;
				INFOPLIST_KEY_NSHumanReadableCopyright = "";
				LD_RUNPATH_SEARCH_PATHS = (
					"$(inherited)",
					"@executable_path/../Frameworks",
				);
				MACOSX_DEPLOYMENT_TARGET = 12.3;
				MARKETING_VERSION = 1.0;
				PRODUCT_BUNDLE_IDENTIFIER = "elguezabal.Max-Tracker";
				PRODUCT_NAME = "Max Tracker";
				SDKROOT = macosx;
				SWIFT_EMIT_LOC_STRINGS = YES;
				SWIFT_VERSION = 5.0;
			};
			name = Release;
		};
		029A8C46295274F30038252C /* Debug */ = {
			isa = XCBuildConfiguration;
			buildSettings = {
				ALWAYS_EMBED_SWIFT_STANDARD_LIBRARIES = YES;
				CODE_SIGN_STYLE = Automatic;
				CURRENT_PROJECT_VERSION = 1;
				DEVELOPMENT_TEAM = 9Y84SMVQ2F;
				GENERATE_INFOPLIST_FILE = YES;
				IPHONEOS_DEPLOYMENT_TARGET = 15.4;
				MARKETING_VERSION = 1.0;
				PRODUCT_BUNDLE_IDENTIFIER = "elguezabal.Tests-iOS";
				PRODUCT_NAME = "$(TARGET_NAME)";
				SDKROOT = iphoneos;
				SWIFT_EMIT_LOC_STRINGS = NO;
				SWIFT_VERSION = 5.0;
				TARGETED_DEVICE_FAMILY = "1,2";
				TEST_TARGET_NAME = "Max Tracker (iOS)";
			};
			name = Debug;
		};
		029A8C47295274F30038252C /* Release */ = {
			isa = XCBuildConfiguration;
			buildSettings = {
				ALWAYS_EMBED_SWIFT_STANDARD_LIBRARIES = YES;
				CODE_SIGN_STYLE = Automatic;
				CURRENT_PROJECT_VERSION = 1;
				DEVELOPMENT_TEAM = 9Y84SMVQ2F;
				GENERATE_INFOPLIST_FILE = YES;
				IPHONEOS_DEPLOYMENT_TARGET = 15.4;
				MARKETING_VERSION = 1.0;
				PRODUCT_BUNDLE_IDENTIFIER = "elguezabal.Tests-iOS";
				PRODUCT_NAME = "$(TARGET_NAME)";
				SDKROOT = iphoneos;
				SWIFT_EMIT_LOC_STRINGS = NO;
				SWIFT_VERSION = 5.0;
				TARGETED_DEVICE_FAMILY = "1,2";
				TEST_TARGET_NAME = "Max Tracker (iOS)";
				VALIDATE_PRODUCT = YES;
			};
			name = Release;
		};
		029A8C49295274F30038252C /* Debug */ = {
			isa = XCBuildConfiguration;
			buildSettings = {
				ALWAYS_EMBED_SWIFT_STANDARD_LIBRARIES = YES;
				CODE_SIGN_STYLE = Automatic;
				CURRENT_PROJECT_VERSION = 1;
				DEVELOPMENT_TEAM = 9Y84SMVQ2F;
				GENERATE_INFOPLIST_FILE = YES;
				MACOSX_DEPLOYMENT_TARGET = 12.3;
				MARKETING_VERSION = 1.0;
				PRODUCT_BUNDLE_IDENTIFIER = "elguezabal.Tests-macOS";
				PRODUCT_NAME = "$(TARGET_NAME)";
				SDKROOT = macosx;
				SWIFT_EMIT_LOC_STRINGS = NO;
				SWIFT_VERSION = 5.0;
				TEST_TARGET_NAME = "Max Tracker (macOS)";
			};
			name = Debug;
		};
		029A8C4A295274F30038252C /* Release */ = {
			isa = XCBuildConfiguration;
			buildSettings = {
				ALWAYS_EMBED_SWIFT_STANDARD_LIBRARIES = YES;
				CODE_SIGN_STYLE = Automatic;
				CURRENT_PROJECT_VERSION = 1;
				DEVELOPMENT_TEAM = 9Y84SMVQ2F;
				GENERATE_INFOPLIST_FILE = YES;
				MACOSX_DEPLOYMENT_TARGET = 12.3;
				MARKETING_VERSION = 1.0;
				PRODUCT_BUNDLE_IDENTIFIER = "elguezabal.Tests-macOS";
				PRODUCT_NAME = "$(TARGET_NAME)";
				SDKROOT = macosx;
				SWIFT_EMIT_LOC_STRINGS = NO;
				SWIFT_VERSION = 5.0;
				TEST_TARGET_NAME = "Max Tracker (macOS)";
			};
			name = Release;
		};
/* End XCBuildConfiguration section */

/* Begin XCConfigurationList section */
		029A8C0D295274EF0038252C /* Build configuration list for PBXProject "Max Tracker" */ = {
			isa = XCConfigurationList;
			buildConfigurations = (
				029A8C3D295274F30038252C /* Debug */,
				029A8C3E295274F30038252C /* Release */,
			);
			defaultConfigurationIsVisible = 0;
			defaultConfigurationName = Release;
		};
		029A8C3F295274F30038252C /* Build configuration list for PBXNativeTarget "Max Tracker (iOS)" */ = {
			isa = XCConfigurationList;
			buildConfigurations = (
				029A8C40295274F30038252C /* Debug */,
				029A8C41295274F30038252C /* Release */,
			);
			defaultConfigurationIsVisible = 0;
			defaultConfigurationName = Release;
		};
		029A8C42295274F30038252C /* Build configuration list for PBXNativeTarget "Max Tracker (macOS)" */ = {
			isa = XCConfigurationList;
			buildConfigurations = (
				029A8C43295274F30038252C /* Debug */,
				029A8C44295274F30038252C /* Release */,
			);
			defaultConfigurationIsVisible = 0;
			defaultConfigurationName = Release;
		};
		029A8C45295274F30038252C /* Build configuration list for PBXNativeTarget "Tests iOS" */ = {
			isa = XCConfigurationList;
			buildConfigurations = (
				029A8C46295274F30038252C /* Debug */,
				029A8C47295274F30038252C /* Release */,
			);
			defaultConfigurationIsVisible = 0;
			defaultConfigurationName = Release;
		};
		029A8C48295274F30038252C /* Build configuration list for PBXNativeTarget "Tests macOS" */ = {
			isa = XCConfigurationList;
			buildConfigurations = (
				029A8C49295274F30038252C /* Debug */,
				029A8C4A295274F30038252C /* Release */,
			);
			defaultConfigurationIsVisible = 0;
			defaultConfigurationName = Release;
		};
/* End XCConfigurationList section */
	};
	rootObject = 029A8C0A295274EF0038252C /* Project object */;
}
